# THIS IS AN AUTOGENERATED FILE. DO NOT EDIT THIS FILE DIRECTLY.
# yarn lockfile v1


"@supabase/auth-js@2.107.0":
  version "2.107.0"
  resolved "https://registry.yarnpkg.com/@supabase/auth-js/-/auth-js-2.107.0.tgz#34f0cd6d532b48f4ee4e86c6fddde88f5a964a41"
  integrity sha512-XA7x+WIeIvuC3GTZ2ey67QcBbGw4n+o5B7M+dMm9KT1lL3wX1B52DfEWW00WuPt/LnniJLLIn1WIm9YPtuxzKQ==
  dependencies:
    tslib "2.8.1"

"@supabase/functions-js@2.107.0":
  version "2.107.0"
  resolved "https://registry.yarnpkg.com/@supabase/functions-js/-/functions-js-2.107.0.tgz#d2bd14b3f8062f795f9e57f0ff2cf3412686eb9b"
  integrity sha512-iMtRUmEj1KOgQd/a3MR4hnBlPnZc62DW8+z8aPpnzbxWkexEZUVL2fSgvvp15gqFg1V55e2yMGqgK+yhSQxp5w==
  dependencies:
    tslib "2.8.1"

"@supabase/phoenix@^0.4.2":
  version "0.4.2"
  resolved "https://registry.yarnpkg.com/@supabase/phoenix/-/phoenix-0.4.2.tgz#f64a5d319a7a0b75a36cdb5d786961fa0dbf234d"
  integrity sha512-YSAGnmDAfuleFCVt3CeurQZAhxRfXWeZIIkwp7NhYzQ1UwW6ePSnzsFAiUm/mbCkfoCf70QQHKW/K6RKh52a4A==

"@supabase/postgrest-js@2.107.0":
  version "2.107.0"
  resolved "https://registry.yarnpkg.com/@supabase/postgrest-js/-/postgrest-js-2.107.0.tgz#efc39a60d71232fcd970532b51e25efd3a4745f2"
  integrity sha512-7ARs47/tyIjX7T0Ive20d4NY8zQYXsP5/P07jJWxffSIM2gpnSnGRnL/Fe15GPbdjsW2sTYeckHcyaoKbM6yWQ==
  dependencies:
    tslib "2.8.1"

"@supabase/realtime-js@2.107.0":
  version "2.107.0"
  resolved "https://registry.yarnpkg.com/@supabase/realtime-js/-/realtime-js-2.107.0.tgz#05ab76ddb57778d8b231f59ccaca9f7cb69ad2a5"
  integrity sha512-cF2KYdR3JIn9YlWGeluY9S0G+otqTdL6hB8GzpatlEIY6fZudCcyFo6Dc3+X9tjeb+x9XcIyNAk9qhNAknjH1A==
  dependencies:
    "@supabase/phoenix" "^0.4.2"
    tslib "2.8.1"

"@supabase/ssr@^0.5.2":
  version "0.5.2"
  resolved "https://registry.yarnpkg.com/@supabase/ssr/-/ssr-0.5.2.tgz#04233a0ca23a5bc15e02006fb324b9ed2f9f645d"
  integrity sha512-n3plRhr2Bs8Xun1o4S3k1CDv17iH5QY9YcoEvXX3bxV1/5XSasA0mNXYycFmADIdtdE6BG9MRjP5CGIs8qxC8A==
  dependencies:
    "@types/cookie" "^0.6.0"
    cookie "^0.7.0"

"@supabase/storage-js@2.107.0":
  version "2.107.0"
  resolved "https://registry.yarnpkg.com/@supabase/storage-js/-/storage-js-2.107.0.tgz#0d7936e4a6a65510ee0ccb99b269c1271675fd7b"
  integrity sha512-/X8OOVwKBn8aVKuHAGOz2yLA0d2OauqhVuy4mNtN+o7wttHOgx1/j+pqOzlsjmhOHrYykF6AJNZhs3gKZzcMUw==
  dependencies:
    iceberg-js "^0.8.1"
    tslib "2.8.1"

"@supabase/supabase-js@^2.49.8":
  version "2.107.0"
  resolved "https://registry.yarnpkg.com/@supabase/supabase-js/-/supabase-js-2.107.0.tgz#5214ad2f84aa11c9b5ca46608f4d542b0e1665c8"
  integrity sha512-ChKzdlWVweMUUhr0U79JhMmgm1haS/C5JquaiCDr70JaGARRtjjoY9rkIheXWybXxTSNzRiQs3Sk8IAg1HS3ZA==
  dependencies:
    "@supabase/auth-js" "2.107.0"
    "@supabase/functions-js" "2.107.0"
    "@supabase/postgrest-js" "2.107.0"
    "@supabase/realtime-js" "2.107.0"
    "@supabase/storage-js" "2.107.0"

"@types/cookie@^0.6.0":
  version "0.6.0"
  resolved "https://registry.yarnpkg.com/@types/cookie/-/cookie-0.6.0.tgz#eac397f28bf1d6ae0ae081363eca2f425bedf0d5"
  integrity sha512-4Kh9a6B2bQciAhf7FSuMRRkUWecJgJu9nPnx3yzpsfXX/c50REIqpHY4C82bXP90qrLtXtkDxTZosYO3UpOwlA==

cookie@^0.7.0:
  version "0.7.2"
  resolved "https://registry.yarnpkg.com/cookie/-/cookie-0.7.2.tgz#556369c472a2ba910f2979891b526b3436237ed7"
  integrity sha512-yki5XnKuf750l50uGTllt6kKILY4nQ1eNIQatoXEByZ5dWgnKqbnqmTrBE5B4N7lrMJKQ2ytWMiTO2o0v6Ew/w==

dotenv@^16.4.5:
  version "16.6.1"
  resolved "https://registry.yarnpkg.com/dotenv/-/dotenv-16.6.1.tgz#773f0e69527a8315c7285d5ee73c4459d20a8020"
  integrity sha512-uBq4egWHTcTt33a72vpSG0z3HnPuIl6NqYcTrKEg2azoEyl2hpW0zqlxysq2pK9HlDIHyHyakeYaYnSAwd8bow==

iceberg-js@^0.8.1:
  version "0.8.1"
  resolved "https://registry.yarnpkg.com/iceberg-js/-/iceberg-js-0.8.1.tgz#47d893468293a010385e1c70123f29d0fc1d9912"
  integrity sha512-1dhVQZXhcHje7798IVM+xoo/1ZdVfzOMIc8/rgVSijRK38EDqOJoGula9N/8ZI5RD8QTxNQtK/Gozpr+qUqRRA==

tslib@2.8.1:
  version "2.8.1"
  resolved "https://registry.yarnpkg.com/tslib/-/tslib-2.8.1.tgz#612efe4ed235d567e8aba5f2a5fab70280ade83f"
  integrity sha512-oJFu94HQb+KVduSUQL7wnpmqnfmLsOA/nAh6b6EH0wCEoK0/mPeXU6c3wKDV83MkOuHPRHtSXKKU99IBazS/2w==

ws@^8.21.0:
  version "8.21.0"
  resolved "https://registry.yarnpkg.com/ws/-/ws-8.21.0.tgz#012e413fc07429945121b0c153158c4343086951"
  integrity sha512-Vsp28b7DRcimFQvrqu2Wek3z1iYxDCWqHYB8Qsnk/S4RfaCQzPGPyBNuVjJV3cd6UiKtUtp6sNM77gWvzcCH+g==
